
Microsoft Visual Studio Solution File, Format Version 12.00
# Visual Studio Version 17
VisualStudioVersion = 17.0.32126.317
MinimumVisualStudioVersion = 10.0.40219.1
Project("{FAE04EC0-301F-11D3-BF4B-00C04F79EFBC}") = "AuthMicroService", "AuthMicroService\AuthMicroService.csproj", "{FED9FEFD-F49C-4072-8941-2A23C47ED58B}"
EndProject
Global
	GlobalSection(SolutionConfigurationPlatforms) = preSolution
		Debug|Any CPU = Debug|Any CPU
		Release|Any CPU = Release|Any CPU
	EndGlobalSection
	GlobalSection(ProjectConfigurationPlatforms) = postSolution
		{FED9FEFD-F49C-4072-8941-2A23C47ED58B}.Debug|Any CPU.ActiveCfg = Debug|Any CPU
		{FED9FEFD-F49C-4072-8941-2A23C47ED58B}.Debug|Any CPU.Build.0 = Debug|Any CPU
		{FED9FEFD-F49C-4072-8941-2A23C47ED58B}.Release|Any CPU.ActiveCfg = Release|Any CPU
		{FED9FEFD-F49C-4072-8941-2A23C47ED58B}.Release|Any CPU.Build.0 = Release|Any CPU
	EndGlobalSection
	GlobalSection(SolutionProperties) = preSolution
		HideSolutionNode = FALSE
	EndGlobalSection
	GlobalSection(ExtensibilityGlobals) = postSolution
		SolutionGuid = {336DE2DF-0114-4E40-BB05-25D92257AF24}
	EndGlobalSection
EndGlobal
